
Microsoft Visual Studio Solution File, Format Version 12.00
# Visual Studio Version 16
VisualStudioVersion = 16.0.28315.86
MinimumVisualStudioVersion = 10.0.40219.1
Project("{2150E333-8FDC-42A3-9474-1A3956D46DE8}") = "Engine", "Engine", "{8B981FB0-AFA7-4B8C-8BD3-F7FF9BD7F24D}"
EndProject
Project("{2150E333-8FDC-42A3-9474-1A3956D46DE8}") = "Games", "Games", "{8958C81F-7C2E-4A58-BF6D-0C236E54C9A5}"
EndProject
Project("{8BC9CEB8-8B4A-11D0-8D11-00A0C91BC942}") = "UE4", "Intermediate\ProjectFiles\UE4.vcxproj", "{0D69CB06-43BA-4B69-8B1C-FA52F632B1A8}"
EndProject
Project("{8BC9CEB8-8B4A-11D0-8D11-00A0C91BC942}") = "Souls", "Intermediate\ProjectFiles\Souls.vcxproj", "{6BD994FF-3B65-4A89-A0EA-AA812C54E023}"
EndProject
Project("{2150E333-8FDC-42A3-9474-1A3956D46DE8}") = "Visualizers", "Visualizers", "{D89AD54F-58D7-4E62-88C2-D8F02DEE7B52}"
	ProjectSection(SolutionItems) = preProject
		C:\Program Files\Epic Games\UE_4.23\Engine\Extras\VisualStudioDebugging\UE4.natvis = C:\Program Files\Epic Games\UE_4.23\Engine\Extras\VisualStudioDebugging\UE4.natvis
	EndProjectSection
EndProject
Global
	GlobalSection(SolutionConfigurationPlatforms) = preSolution
		DebugGame Editor|HTML5 = DebugGame Editor|HTML5
		DebugGame Editor|Win32 = DebugGame Editor|Win32
		DebugGame Editor|Win64 = DebugGame Editor|Win64
		DebugGame|HTML5 = DebugGame|HTML5
		DebugGame|Win32 = DebugGame|Win32
		DebugGame|Win64 = DebugGame|Win64
		Development Editor|HTML5 = Development Editor|HTML5
		Development Editor|Win32 = Development Editor|Win32
		Development Editor|Win64 = Development Editor|Win64
		Development|HTML5 = Development|HTML5
		Development|Win32 = Development|Win32
		Development|Win64 = Development|Win64
		Shipping|HTML5 = Shipping|HTML5
		Shipping|Win32 = Shipping|Win32
		Shipping|Win64 = Shipping|Win64
	EndGlobalSection
	GlobalSection(ProjectConfigurationPlatforms) = postSolution
		{0D69CB06-43BA-4B69-8B1C-FA52F632B1A8}.DebugGame Editor|HTML5.ActiveCfg = BuiltWithUnrealBuildTool|Win32
		{0D69CB06-43BA-4B69-8B1C-FA52F632B1A8}.DebugGame Editor|Win32.ActiveCfg = BuiltWithUnrealBuildTool|Win32
		{0D69CB06-43BA-4B69-8B1C-FA52F632B1A8}.DebugGame Editor|Win64.ActiveCfg = BuiltWithUnrealBuildTool|Win32
		{0D69CB06-43BA-4B69-8B1C-FA52F632B1A8}.DebugGame|HTML5.ActiveCfg = BuiltWithUnrealBuildTool|Win32
		{0D69CB06-43BA-4B69-8B1C-FA52F632B1A8}.DebugGame|Win32.ActiveCfg = BuiltWithUnrealBuildTool|Win32
		{0D69CB06-43BA-4B69-8B1C-FA52F632B1A8}.DebugGame|Win64.ActiveCfg = BuiltWithUnrealBuildTool|Win32
		{0D69CB06-43BA-4B69-8B1C-FA52F632B1A8}.Development Editor|HTML5.ActiveCfg = BuiltWithUnrealBuildTool|Win32
		{0D69CB06-43BA-4B69-8B1C-FA52F632B1A8}.Development Editor|Win32.ActiveCfg = BuiltWithUnrealBuildTool|Win32
		{0D69CB06-43BA-4B69-8B1C-FA52F632B1A8}.Development Editor|Win64.ActiveCfg = BuiltWithUnrealBuildTool|Win32
		{0D69CB06-43BA-4B69-8B1C-FA52F632B1A8}.Development|HTML5.ActiveCfg = BuiltWithUnrealBuildTool|Win32
		{0D69CB06-43BA-4B69-8B1C-FA52F632B1A8}.Development|Win32.ActiveCfg = BuiltWithUnrealBuildTool|Win32
		{0D69CB06-43BA-4B69-8B1C-FA52F632B1A8}.Development|Win64.ActiveCfg = BuiltWithUnrealBuildTool|Win32
		{0D69CB06-43BA-4B69-8B1C-FA52F632B1A8}.Shipping|HTML5.ActiveCfg = BuiltWithUnrealBuildTool|Win32
		{0D69CB06-43BA-4B69-8B1C-FA52F632B1A8}.Shipping|Win32.ActiveCfg = BuiltWithUnrealBuildTool|Win32
		{0D69CB06-43BA-4B69-8B1C-FA52F632B1A8}.Shipping|Win64.ActiveCfg = BuiltWithUnrealBuildTool|Win32
		{6BD994FF-3B65-4A89-A0EA-AA812C54E023}.DebugGame Editor|HTML5.ActiveCfg = Invalid|Win32
		{6BD994FF-3B65-4A89-A0EA-AA812C54E023}.DebugGame Editor|Win32.ActiveCfg = Invalid|Win32
		{6BD994FF-3B65-4A89-A0EA-AA812C54E023}.DebugGame Editor|Win64.ActiveCfg = DebugGame_Editor|x64
		{6BD994FF-3B65-4A89-A0EA-AA812C54E023}.DebugGame Editor|Win64.Build.0 = DebugGame_Editor|x64
		{6BD994FF-3B65-4A89-A0EA-AA812C54E023}.DebugGame|HTML5.ActiveCfg = HTML5_DebugGame|Win32
		{6BD994FF-3B65-4A89-A0EA-AA812C54E023}.DebugGame|HTML5.Build.0 = HTML5_DebugGame|Win32
		{6BD994FF-3B65-4A89-A0EA-AA812C54E023}.DebugGame|Win32.ActiveCfg = DebugGame|Win32
		{6BD994FF-3B65-4A89-A0EA-AA812C54E023}.DebugGame|Win32.Build.0 = DebugGame|Win32
		{6BD994FF-3B65-4A89-A0EA-AA812C54E023}.DebugGame|Win64.ActiveCfg = DebugGame|x64
		{6BD994FF-3B65-4A89-A0EA-AA812C54E023}.DebugGame|Win64.Build.0 = DebugGame|x64
		{6BD994FF-3B65-4A89-A0EA-AA812C54E023}.Development Editor|HTML5.ActiveCfg = Invalid|Win32
		{6BD994FF-3B65-4A89-A0EA-AA812C54E023}.Development Editor|Win32.ActiveCfg = Invalid|Win32
		{6BD994FF-3B65-4A89-A0EA-AA812C54E023}.Development Editor|Win64.ActiveCfg = Development_Editor|x64
		{6BD994FF-3B65-4A89-A0EA-AA812C54E023}.Development Editor|Win64.Build.0 = Development_Editor|x64
		{6BD994FF-3B65-4A89-A0EA-AA812C54E023}.Development|HTML5.ActiveCfg = HTML5_Development|Win32
		{6BD994FF-3B65-4A89-A0EA-AA812C54E023}.Development|HTML5.Build.0 = HTML5_Development|Win32
		{6BD994FF-3B65-4A89-A0EA-AA812C54E023}.Development|Win32.ActiveCfg = Development|Win32
		{6BD994FF-3B65-4A89-A0EA-AA812C54E023}.Development|Win32.Build.0 = Development|Win32
		{6BD994FF-3B65-4A89-A0EA-AA812C54E023}.Development|Win64.ActiveCfg = Development|x64
		{6BD994FF-3B65-4A89-A0EA-AA812C54E023}.Development|Win64.Build.0 = Development|x64
		{6BD994FF-3B65-4A89-A0EA-AA812C54E023}.Shipping|HTML5.ActiveCfg = HTML5_Shipping|Win32
		{6BD994FF-3B65-4A89-A0EA-AA812C54E023}.Shipping|HTML5.Build.0 = HTML5_Shipping|Win32
		{6BD994FF-3B65-4A89-A0EA-AA812C54E023}.Shipping|Win32.ActiveCfg = Shipping|Win32
		{6BD994FF-3B65-4A89-A0EA-AA812C54E023}.Shipping|Win32.Build.0 = Shipping|Win32
		{6BD994FF-3B65-4A89-A0EA-AA812C54E023}.Shipping|Win64.ActiveCfg = Shipping|x64
		{6BD994FF-3B65-4A89-A0EA-AA812C54E023}.Shipping|Win64.Build.0 = Shipping|x64
	EndGlobalSection
	GlobalSection(SolutionProperties) = preSolution
		HideSolutionNode = FALSE
	EndGlobalSection
	GlobalSection(NestedProjects) = preSolution
		{0D69CB06-43BA-4B69-8B1C-FA52F632B1A8} = {8B981FB0-AFA7-4B8C-8BD3-F7FF9BD7F24D}
		{6BD994FF-3B65-4A89-A0EA-AA812C54E023} = {8958C81F-7C2E-4A58-BF6D-0C236E54C9A5}
	EndGlobalSection
EndGlobal
